
Microsoft Visual Studio Solution File, Format Version 12.00
# Visual Studio Version 17
VisualStudioVersion = 17.9.34714.143
MinimumVisualStudioVersion = 10.0.40219.1
Project("{FAE04EC0-301F-11D3-BF4B-00C04F79EFBC}") = "Clases_y_Objetos", "Clases_y_Objetos.csproj", "{D24DC1A4-66C0-47BC-8FEF-292E27577874}"
EndProject
Global
	GlobalSection(SolutionConfigurationPlatforms) = preSolution
		Debug|Any CPU = Debug|Any CPU
		Release|Any CPU = Release|Any CPU
	EndGlobalSection
	GlobalSection(ProjectConfigurationPlatforms) = postSolution
		{D24DC1A4-66C0-47BC-8FEF-292E27577874}.Debug|Any CPU.ActiveCfg = Debug|Any CPU
		{D24DC1A4-66C0-47BC-8FEF-292E27577874}.Debug|Any CPU.Build.0 = Debug|Any CPU
		{D24DC1A4-66C0-47BC-8FEF-292E27577874}.Release|Any CPU.ActiveCfg = Release|Any CPU
		{D24DC1A4-66C0-47BC-8FEF-292E27577874}.Release|Any CPU.Build.0 = Release|Any CPU
	EndGlobalSection
	GlobalSection(SolutionProperties) = preSolution
		HideSolutionNode = FALSE
	EndGlobalSection
	GlobalSection(ExtensibilityGlobals) = postSolution
		SolutionGuid = {95C4BDD5-97A8-47AC-A4CE-0B507E7E3563}
	EndGlobalSection
EndGlobal
