
Microsoft Visual Studio Solution File, Format Version 12.00
# Visual Studio Version 17
<<<<<<< HEAD
VisualStudioVersion = 17.9.34714.143
MinimumVisualStudioVersion = 10.0.40219.1
Project("{FAE04EC0-301F-11D3-BF4B-00C04F79EFBC}") = "Tetris", "Tetris.csproj", "{1DFC3D0C-F4E3-44EF-AA2F-7D0F3B329217}"
=======
VisualStudioVersion = 17.9.34728.123
MinimumVisualStudioVersion = 10.0.40219.1
Project("{FAE04EC0-301F-11D3-BF4B-00C04F79EFBC}") = "Tetris", "Tetris.csproj", "{D7675D99-135D-42C5-866A-8590FA9C0D12}"
>>>>>>> 769e0afafd6ad7b337a340613b039d5152431ab1
EndProject
Global
	GlobalSection(SolutionConfigurationPlatforms) = preSolution
		Debug|Any CPU = Debug|Any CPU
		Release|Any CPU = Release|Any CPU
	EndGlobalSection
	GlobalSection(ProjectConfigurationPlatforms) = postSolution
<<<<<<< HEAD
		{1DFC3D0C-F4E3-44EF-AA2F-7D0F3B329217}.Debug|Any CPU.ActiveCfg = Debug|Any CPU
		{1DFC3D0C-F4E3-44EF-AA2F-7D0F3B329217}.Debug|Any CPU.Build.0 = Debug|Any CPU
		{1DFC3D0C-F4E3-44EF-AA2F-7D0F3B329217}.Release|Any CPU.ActiveCfg = Release|Any CPU
		{1DFC3D0C-F4E3-44EF-AA2F-7D0F3B329217}.Release|Any CPU.Build.0 = Release|Any CPU
=======
		{D7675D99-135D-42C5-866A-8590FA9C0D12}.Debug|Any CPU.ActiveCfg = Debug|Any CPU
		{D7675D99-135D-42C5-866A-8590FA9C0D12}.Debug|Any CPU.Build.0 = Debug|Any CPU
		{D7675D99-135D-42C5-866A-8590FA9C0D12}.Release|Any CPU.ActiveCfg = Release|Any CPU
		{D7675D99-135D-42C5-866A-8590FA9C0D12}.Release|Any CPU.Build.0 = Release|Any CPU
>>>>>>> 769e0afafd6ad7b337a340613b039d5152431ab1
	EndGlobalSection
	GlobalSection(SolutionProperties) = preSolution
		HideSolutionNode = FALSE
	EndGlobalSection
	GlobalSection(ExtensibilityGlobals) = postSolution
<<<<<<< HEAD
		SolutionGuid = {AF43E74E-42A6-4557-A210-90B929E9DD43}
=======
		SolutionGuid = {C2CB1EE4-F6CC-4A66-B0F0-E36FC086C59E}
>>>>>>> 769e0afafd6ad7b337a340613b039d5152431ab1
	EndGlobalSection
EndGlobal
