
Microsoft Visual Studio Solution File, Format Version 12.00
# Visual Studio Version 17
VisualStudioVersion = 17.9.34714.143
MinimumVisualStudioVersion = 10.0.40219.1
Project("{FAE04EC0-301F-11D3-BF4B-00C04F79EFBC}") = "ej08", "ej08.csproj", "{24D6A8CA-FB2F-4CB1-8865-2ACF63F166B0}"
EndProject
Global
	GlobalSection(SolutionConfigurationPlatforms) = preSolution
		Debug|Any CPU = Debug|Any CPU
		Release|Any CPU = Release|Any CPU
	EndGlobalSection
	GlobalSection(ProjectConfigurationPlatforms) = postSolution
		{24D6A8CA-FB2F-4CB1-8865-2ACF63F166B0}.Debug|Any CPU.ActiveCfg = Debug|Any CPU
		{24D6A8CA-FB2F-4CB1-8865-2ACF63F166B0}.Debug|Any CPU.Build.0 = Debug|Any CPU
		{24D6A8CA-FB2F-4CB1-8865-2ACF63F166B0}.Release|Any CPU.ActiveCfg = Release|Any CPU
		{24D6A8CA-FB2F-4CB1-8865-2ACF63F166B0}.Release|Any CPU.Build.0 = Release|Any CPU
	EndGlobalSection
	GlobalSection(SolutionProperties) = preSolution
		HideSolutionNode = FALSE
	EndGlobalSection
	GlobalSection(ExtensibilityGlobals) = postSolution
		SolutionGuid = {0EC8A53F-6CBB-41D3-9CE5-A51CB4FD0F1F}
	EndGlobalSection
EndGlobal
