
Microsoft Visual Studio Solution File, Format Version 12.00
# Visual Studio Version 17
VisualStudioVersion = 17.10.35122.118
MinimumVisualStudioVersion = 10.0.40219.1
Project("{FAE04EC0-301F-11D3-BF4B-00C04F79EFBC}") = "forms5", "forms5.csproj", "{3141325C-34F9-4A3B-9691-2B761FE46964}"
EndProject
Global
	GlobalSection(SolutionConfigurationPlatforms) = preSolution
		Debug|Any CPU = Debug|Any CPU
		Release|Any CPU = Release|Any CPU
	EndGlobalSection
	GlobalSection(ProjectConfigurationPlatforms) = postSolution
		{3141325C-34F9-4A3B-9691-2B761FE46964}.Debug|Any CPU.ActiveCfg = Debug|Any CPU
		{3141325C-34F9-4A3B-9691-2B761FE46964}.Debug|Any CPU.Build.0 = Debug|Any CPU
		{3141325C-34F9-4A3B-9691-2B761FE46964}.Release|Any CPU.ActiveCfg = Release|Any CPU
		{3141325C-34F9-4A3B-9691-2B761FE46964}.Release|Any CPU.Build.0 = Release|Any CPU
	EndGlobalSection
	GlobalSection(SolutionProperties) = preSolution
		HideSolutionNode = FALSE
	EndGlobalSection
	GlobalSection(ExtensibilityGlobals) = postSolution
		SolutionGuid = {B2773539-E1CB-4BD7-8C96-2E91035A1F54}
	EndGlobalSection
EndGlobal
