
Microsoft Visual Studio Solution File, Format Version 12.00
# Visual Studio Version 17
VisualStudioVersion = 17.10.35122.118
MinimumVisualStudioVersion = 10.0.40219.1
Project("{FAE04EC0-301F-11D3-BF4B-00C04F79EFBC}") = "prueba19-9", "prueba19-9.csproj", "{69C6F64B-F37D-47BC-A6A1-4281C31C15F5}"
EndProject
Global
	GlobalSection(SolutionConfigurationPlatforms) = preSolution
		Debug|Any CPU = Debug|Any CPU
		Release|Any CPU = Release|Any CPU
	EndGlobalSection
	GlobalSection(ProjectConfigurationPlatforms) = postSolution
		{69C6F64B-F37D-47BC-A6A1-4281C31C15F5}.Debug|Any CPU.ActiveCfg = Debug|Any CPU
		{69C6F64B-F37D-47BC-A6A1-4281C31C15F5}.Debug|Any CPU.Build.0 = Debug|Any CPU
		{69C6F64B-F37D-47BC-A6A1-4281C31C15F5}.Release|Any CPU.ActiveCfg = Release|Any CPU
		{69C6F64B-F37D-47BC-A6A1-4281C31C15F5}.Release|Any CPU.Build.0 = Release|Any CPU
	EndGlobalSection
	GlobalSection(SolutionProperties) = preSolution
		HideSolutionNode = FALSE
	EndGlobalSection
	GlobalSection(ExtensibilityGlobals) = postSolution
		SolutionGuid = {37F3B2B0-9926-4CBA-B5CC-5D58C38D1C39}
	EndGlobalSection
EndGlobal
