
Microsoft Visual Studio Solution File, Format Version 12.00
# Visual Studio Version 17
VisualStudioVersion = 17.10.35122.118
MinimumVisualStudioVersion = 10.0.40219.1
Project("{FAE04EC0-301F-11D3-BF4B-00C04F79EFBC}") = "Prueba", "Prueba.csproj", "{8EF30A7E-1058-4A44-BF84-BE074D6B0FCB}"
EndProject
Global
	GlobalSection(SolutionConfigurationPlatforms) = preSolution
		Debug|Any CPU = Debug|Any CPU
		Release|Any CPU = Release|Any CPU
	EndGlobalSection
	GlobalSection(ProjectConfigurationPlatforms) = postSolution
		{8EF30A7E-1058-4A44-BF84-BE074D6B0FCB}.Debug|Any CPU.ActiveCfg = Debug|Any CPU
		{8EF30A7E-1058-4A44-BF84-BE074D6B0FCB}.Debug|Any CPU.Build.0 = Debug|Any CPU
		{8EF30A7E-1058-4A44-BF84-BE074D6B0FCB}.Release|Any CPU.ActiveCfg = Release|Any CPU
		{8EF30A7E-1058-4A44-BF84-BE074D6B0FCB}.Release|Any CPU.Build.0 = Release|Any CPU
	EndGlobalSection
	GlobalSection(SolutionProperties) = preSolution
		HideSolutionNode = FALSE
	EndGlobalSection
	GlobalSection(ExtensibilityGlobals) = postSolution
		SolutionGuid = {EFFB304D-62B7-46FC-9AB5-449E6A440E74}
	EndGlobalSection
EndGlobal
