
Microsoft Visual Studio Solution File, Format Version 12.00
# Visual Studio Version 17
VisualStudioVersion = 17.10.34916.146
MinimumVisualStudioVersion = 10.0.40219.1
Project("{FAE04EC0-301F-11D3-BF4B-00C04F79EFBC}") = "WindowsFormsApp1", "WindowsFormsApp1.csproj", "{8748381B-6E42-4B11-8C1E-BE8ED231C8BE}"
EndProject
Global
	GlobalSection(SolutionConfigurationPlatforms) = preSolution
		Debug|Any CPU = Debug|Any CPU
		Release|Any CPU = Release|Any CPU
	EndGlobalSection
	GlobalSection(ProjectConfigurationPlatforms) = postSolution
		{8748381B-6E42-4B11-8C1E-BE8ED231C8BE}.Debug|Any CPU.ActiveCfg = Debug|Any CPU
		{8748381B-6E42-4B11-8C1E-BE8ED231C8BE}.Debug|Any CPU.Build.0 = Debug|Any CPU
		{8748381B-6E42-4B11-8C1E-BE8ED231C8BE}.Release|Any CPU.ActiveCfg = Release|Any CPU
		{8748381B-6E42-4B11-8C1E-BE8ED231C8BE}.Release|Any CPU.Build.0 = Release|Any CPU
	EndGlobalSection
	GlobalSection(SolutionProperties) = preSolution
		HideSolutionNode = FALSE
	EndGlobalSection
	GlobalSection(ExtensibilityGlobals) = postSolution
		SolutionGuid = {243F3C28-5133-483A-AF7A-E2F2F6DDB550}
	EndGlobalSection
EndGlobal
